
Microsoft Visual Studio Solution File, Format Version 12.00
# Visual Studio Version 17
VisualStudioVersion = 17.6.33829.357
MinimumVisualStudioVersion = 10.0.40219.1
Project("{FAE04EC0-301F-11D3-BF4B-00C04F79EFBC}") = "StudentRestApi", "StudentRestApi.csproj", "{9926A906-DFC8-4614-A6AD-8CC2C80F9EE7}"
EndProject
Global
	GlobalSection(SolutionConfigurationPlatforms) = preSolution
		Debug|Any CPU = Debug|Any CPU
		Release|Any CPU = Release|Any CPU
	EndGlobalSection
	GlobalSection(ProjectConfigurationPlatforms) = postSolution
		{9926A906-DFC8-4614-A6AD-8CC2C80F9EE7}.Debug|Any CPU.ActiveCfg = Debug|Any CPU
		{9926A906-DFC8-4614-A6AD-8CC2C80F9EE7}.Debug|Any CPU.Build.0 = Debug|Any CPU
		{9926A906-DFC8-4614-A6AD-8CC2C80F9EE7}.Release|Any CPU.ActiveCfg = Release|Any CPU
		{9926A906-DFC8-4614-A6AD-8CC2C80F9EE7}.Release|Any CPU.Build.0 = Release|Any CPU
	EndGlobalSection
	GlobalSection(SolutionProperties) = preSolution
		HideSolutionNode = FALSE
	EndGlobalSection
	GlobalSection(ExtensibilityGlobals) = postSolution
		SolutionGuid = {8B17C55D-B194-4079-8EBD-C12AA7EC5C99}
	EndGlobalSection
EndGlobal
